
Microsoft Visual Studio Solution File, Format Version 12.00
# Visual Studio Version 17
VisualStudioVersion = 17.3.32929.385
MinimumVisualStudioVersion = 10.0.40219.1
Project("{FAE04EC0-301F-11D3-BF4B-00C04F79EFBC}") = "priceOfElectricity", "priceOfElectricity.csproj", "{E48DE904-F900-4E86-A42F-BE455CACC07E}"
EndProject
Global
	GlobalSection(SolutionConfigurationPlatforms) = preSolution
		Debug|Any CPU = Debug|Any CPU
		Release|Any CPU = Release|Any CPU
	EndGlobalSection
	GlobalSection(ProjectConfigurationPlatforms) = postSolution
		{E48DE904-F900-4E86-A42F-BE455CACC07E}.Debug|Any CPU.ActiveCfg = Debug|Any CPU
		{E48DE904-F900-4E86-A42F-BE455CACC07E}.Debug|Any CPU.Build.0 = Debug|Any CPU
		{E48DE904-F900-4E86-A42F-BE455CACC07E}.Release|Any CPU.ActiveCfg = Release|Any CPU
		{E48DE904-F900-4E86-A42F-BE455CACC07E}.Release|Any CPU.Build.0 = Release|Any CPU
	EndGlobalSection
	GlobalSection(SolutionProperties) = preSolution
		HideSolutionNode = FALSE
	EndGlobalSection
	GlobalSection(ExtensibilityGlobals) = postSolution
		SolutionGuid = {F1137B82-783D-4412-98F2-176CC3C84E21}
	EndGlobalSection
EndGlobal
